{
  "name": "celaris-src-temp",
  "version": "0.0.0",
  "lockfileVersion": 3,
  "requires": true,
  "packages": {
    "": {
      "name": "celaris-src-temp",
      "version": "0.0.0",
      "license": "ISC",
      "dependencies": {
        "celaris": "file:../celaris-cli"
      }
    },
    "../celaris-cli": {
      "name": "celaris",
      "version": "0.0.1",
      "license": "ISC",
      "dependencies": {
        "commander": "^12.1.0",
        "fs-extra": "^11.2.0"
      },
      "bin": {
        "celaris": "index.js"
      }
    },
    "node_modules/celaris": {
      "resolved": "../celaris-cli",
      "link": true
    }
  }
}
